
Microsoft Visual Studio Solution File, Format Version 12.00
# Visual Studio Version 16
VisualStudioVersion = 16.0.30011.22
MinimumVisualStudioVersion = 10.0.40219.1
Project("{2150E333-8FDC-42A3-9474-1A3956D46DE8}") = "API", "API", "{512B6F6C-8F43-4D5F-B6B9-C79DD3A28AD1}"
EndProject
Project("{2150E333-8FDC-42A3-9474-1A3956D46DE8}") = "Business", "Business", "{22DF3D64-1565-41DF-9F9D-E998B64FA7CD}"
EndProject
Project("{9A19103F-16F7-4668-BE54-9A1E7A4F7556}") = "IBO.Business", "..\IBO.Business\IBO.Business.csproj", "{B02A3FC9-BE6B-4ADB-8155-FED16A98E5A8}"
EndProject
Project("{9A19103F-16F7-4668-BE54-9A1E7A4F7556}") = "IBO.IBusiness", "..\IBO.IBusiness\IBO.IBusiness.csproj", "{8D87A4CF-F088-41B6-A379-FCE1FF2B1F4A}"
EndProject
Project("{2150E333-8FDC-42A3-9474-1A3956D46DE8}") = "Common", "Common", "{56596459-6540-4B1E-A1E7-7B2057AAE312}"
EndProject
Project("{9A19103F-16F7-4668-BE54-9A1E7A4F7556}") = "IBO.Common", "..\IBO.Common\IBO.Common.csproj", "{2933FD82-A7FD-481F-A131-9A75C93CE767}"
EndProject
Project("{2150E333-8FDC-42A3-9474-1A3956D46DE8}") = "DataAccess", "DataAccess", "{F711F3CF-4428-4C1C-BA6A-94E4DDB4FBCE}"
EndProject
Project("{9A19103F-16F7-4668-BE54-9A1E7A4F7556}") = "IBO.IRepository", "..\IBO.IRepository\IBO.IRepository.csproj", "{6D7E6988-AA06-425B-8417-B1EC6C1638D9}"
EndProject
Project("{9A19103F-16F7-4668-BE54-9A1E7A4F7556}") = "IBO.Repository", "..\IBO.Repository\IBO.Repository.csproj", "{8CF9A532-B79C-4247-BB87-3491CC547105}"
EndProject
Project("{9A19103F-16F7-4668-BE54-9A1E7A4F7556}") = "IBO.Repository.Entities", "..\IBO.Repository.Entities\IBO.Repository.Entities.csproj", "{9DEF0C21-F450-4763-B6BE-817D8D35C319}"
EndProject
Project("{2150E333-8FDC-42A3-9474-1A3956D46DE8}") = "UnitTests", "UnitTests", "{25069D86-2535-4A7E-A103-7E3E84A90E9A}"
EndProject
Project("{9A19103F-16F7-4668-BE54-9A1E7A4F7556}") = "IBO.UnitTests", "..\IBO.UnitTests\IBO.UnitTests.csproj", "{EDD638D6-09BE-4BD9-A219-D7F4BB45A202}"
EndProject
Project("{FAE04EC0-301F-11D3-BF4B-00C04F79EFBC}") = "IBO.API", "IBO.API.csproj", "{12C1A729-496E-4A15-B972-D8C07B594270}"
EndProject
Project("{FAE04EC0-301F-11D3-BF4B-00C04F79EFBC}") = "IBO.Business.DTOs", "..\IBO.Business.DTOs\IBO.Business.DTOs.csproj", "{47CBD63C-A27D-43FA-A504-116ECDFD1E01}"
EndProject
Global
	GlobalSection(SolutionConfigurationPlatforms) = preSolution
		Debug|Any CPU = Debug|Any CPU
		Release|Any CPU = Release|Any CPU
	EndGlobalSection
	GlobalSection(ProjectConfigurationPlatforms) = postSolution
		{B02A3FC9-BE6B-4ADB-8155-FED16A98E5A8}.Debug|Any CPU.ActiveCfg = Debug|Any CPU
		{B02A3FC9-BE6B-4ADB-8155-FED16A98E5A8}.Debug|Any CPU.Build.0 = Debug|Any CPU
		{B02A3FC9-BE6B-4ADB-8155-FED16A98E5A8}.Release|Any CPU.ActiveCfg = Release|Any CPU
		{B02A3FC9-BE6B-4ADB-8155-FED16A98E5A8}.Release|Any CPU.Build.0 = Release|Any CPU
		{8D87A4CF-F088-41B6-A379-FCE1FF2B1F4A}.Debug|Any CPU.ActiveCfg = Debug|Any CPU
		{8D87A4CF-F088-41B6-A379-FCE1FF2B1F4A}.Debug|Any CPU.Build.0 = Debug|Any CPU
		{8D87A4CF-F088-41B6-A379-FCE1FF2B1F4A}.Release|Any CPU.ActiveCfg = Release|Any CPU
		{8D87A4CF-F088-41B6-A379-FCE1FF2B1F4A}.Release|Any CPU.Build.0 = Release|Any CPU
		{2933FD82-A7FD-481F-A131-9A75C93CE767}.Debug|Any CPU.ActiveCfg = Debug|Any CPU
		{2933FD82-A7FD-481F-A131-9A75C93CE767}.Debug|Any CPU.Build.0 = Debug|Any CPU
		{2933FD82-A7FD-481F-A131-9A75C93CE767}.Release|Any CPU.ActiveCfg = Release|Any CPU
		{2933FD82-A7FD-481F-A131-9A75C93CE767}.Release|Any CPU.Build.0 = Release|Any CPU
		{6D7E6988-AA06-425B-8417-B1EC6C1638D9}.Debug|Any CPU.ActiveCfg = Debug|Any CPU
		{6D7E6988-AA06-425B-8417-B1EC6C1638D9}.Debug|Any CPU.Build.0 = Debug|Any CPU
		{6D7E6988-AA06-425B-8417-B1EC6C1638D9}.Release|Any CPU.ActiveCfg = Release|Any CPU
		{6D7E6988-AA06-425B-8417-B1EC6C1638D9}.Release|Any CPU.Build.0 = Release|Any CPU
		{8CF9A532-B79C-4247-BB87-3491CC547105}.Debug|Any CPU.ActiveCfg = Debug|Any CPU
		{8CF9A532-B79C-4247-BB87-3491CC547105}.Debug|Any CPU.Build.0 = Debug|Any CPU
		{8CF9A532-B79C-4247-BB87-3491CC547105}.Release|Any CPU.ActiveCfg = Release|Any CPU
		{8CF9A532-B79C-4247-BB87-3491CC547105}.Release|Any CPU.Build.0 = Release|Any CPU
		{9DEF0C21-F450-4763-B6BE-817D8D35C319}.Debug|Any CPU.ActiveCfg = Debug|Any CPU
		{9DEF0C21-F450-4763-B6BE-817D8D35C319}.Debug|Any CPU.Build.0 = Debug|Any CPU
		{9DEF0C21-F450-4763-B6BE-817D8D35C319}.Release|Any CPU.ActiveCfg = Release|Any CPU
		{9DEF0C21-F450-4763-B6BE-817D8D35C319}.Release|Any CPU.Build.0 = Release|Any CPU
		{EDD638D6-09BE-4BD9-A219-D7F4BB45A202}.Debug|Any CPU.ActiveCfg = Debug|Any CPU
		{EDD638D6-09BE-4BD9-A219-D7F4BB45A202}.Debug|Any CPU.Build.0 = Debug|Any CPU
		{EDD638D6-09BE-4BD9-A219-D7F4BB45A202}.Release|Any CPU.ActiveCfg = Release|Any CPU
		{EDD638D6-09BE-4BD9-A219-D7F4BB45A202}.Release|Any CPU.Build.0 = Release|Any CPU
		{12C1A729-496E-4A15-B972-D8C07B594270}.Debug|Any CPU.ActiveCfg = Debug|Any CPU
		{12C1A729-496E-4A15-B972-D8C07B594270}.Debug|Any CPU.Build.0 = Debug|Any CPU
		{12C1A729-496E-4A15-B972-D8C07B594270}.Release|Any CPU.ActiveCfg = Release|Any CPU
		{12C1A729-496E-4A15-B972-D8C07B594270}.Release|Any CPU.Build.0 = Release|Any CPU
		{47CBD63C-A27D-43FA-A504-116ECDFD1E01}.Debug|Any CPU.ActiveCfg = Debug|Any CPU
		{47CBD63C-A27D-43FA-A504-116ECDFD1E01}.Debug|Any CPU.Build.0 = Debug|Any CPU
		{47CBD63C-A27D-43FA-A504-116ECDFD1E01}.Release|Any CPU.ActiveCfg = Release|Any CPU
		{47CBD63C-A27D-43FA-A504-116ECDFD1E01}.Release|Any CPU.Build.0 = Release|Any CPU
	EndGlobalSection
	GlobalSection(SolutionProperties) = preSolution
		HideSolutionNode = FALSE
	EndGlobalSection
	GlobalSection(NestedProjects) = preSolution
		{B02A3FC9-BE6B-4ADB-8155-FED16A98E5A8} = {22DF3D64-1565-41DF-9F9D-E998B64FA7CD}
		{8D87A4CF-F088-41B6-A379-FCE1FF2B1F4A} = {22DF3D64-1565-41DF-9F9D-E998B64FA7CD}
		{2933FD82-A7FD-481F-A131-9A75C93CE767} = {56596459-6540-4B1E-A1E7-7B2057AAE312}
		{6D7E6988-AA06-425B-8417-B1EC6C1638D9} = {F711F3CF-4428-4C1C-BA6A-94E4DDB4FBCE}
		{8CF9A532-B79C-4247-BB87-3491CC547105} = {F711F3CF-4428-4C1C-BA6A-94E4DDB4FBCE}
		{9DEF0C21-F450-4763-B6BE-817D8D35C319} = {F711F3CF-4428-4C1C-BA6A-94E4DDB4FBCE}
		{EDD638D6-09BE-4BD9-A219-D7F4BB45A202} = {25069D86-2535-4A7E-A103-7E3E84A90E9A}
		{12C1A729-496E-4A15-B972-D8C07B594270} = {512B6F6C-8F43-4D5F-B6B9-C79DD3A28AD1}
		{47CBD63C-A27D-43FA-A504-116ECDFD1E01} = {22DF3D64-1565-41DF-9F9D-E998B64FA7CD}
	EndGlobalSection
	GlobalSection(ExtensibilityGlobals) = postSolution
		SolutionGuid = {5985CBB7-5AE4-461F-AD39-8EB929CDC5DD}
	EndGlobalSection
EndGlobal
